lockfileVersion: '9.0'

settings:
  autoInstallPeers: true
  excludeLinksFromLockfile: false

importers:

  .:
    dependencies:
      '@carbon/icons-react':
        specifier: ^11.71.0
        version: 11.71.0(react@19.2.3)
      '@headlessui/react':
        specifier: ^2.2.9
        version: 2.2.9(react-dom@19.2.3(react@19.2.3))(react@19.2.3)
      '@splitbee/web':
        specifier: ^0.3.0
        version: 0.3.0
      '@vercel/analytics':
        specifier: ^1.6.1
        version: 1.6.1(next@16.0.10(react-dom@19.2.3(react@19.2.3))(react@19.2.3))(react@19.2.3)
      framer-motion:
        specifier: ^12.23.26
        version: 12.23.26(react-dom@19.2.3(react@19.2.3))(react@19.2.3)
      next:
        specifier: 16.0.10
        version: 16.0.10(react-dom@19.2.3(react@19.2.3))(react@19.2.3)
      next-seo:
        specifier: ^7.0.1
        version: 7.0.1(next@16.0.10(react-dom@19.2.3(react@19.2.3))(react@19.2.3))(react@19.2.3)
      react:
        specifier: 19.2.3
        version: 19.2.3
      react-dom:
        specifier: 19.2.3
        version: 19.2.3(react@19.2.3)
    devDependencies:
      autoprefixer:
        specifier: ^10.4.23
        version: 10.4.23(postcss@8.5.6)
      postcss:
        specifier: ^8.5.6
        version: 8.5.6
      tailwindcss:
        specifier: ^4.1.18
        version: 4.1.18

packages:

  '@carbon/icon-helpers@10.69.0':
    resolution: {integrity: sha512-AYkP9+le5pLllM4OX1zHCSpBIX4uk8hzaV7EakyzQsUoWZIdLip0+j1n9WJvGA7EnMMaFxtmRkt1KAbSGi+YIg==}

  '@carbon/icons-react@11.71.0':
    resolution: {integrity: sha512-UYAde2bwPzyiQpz68swHKvz+G2gF19IxS0ia7Y71N2ixKbL2ZGuGPIesX+IZKse44axZ/ubkHqBUjcwvMelbig==}
    peerDependencies:
      react: '>=16'

  '@emnapi/runtime@1.7.1':
    resolution: {integrity: sha512-PVtJr5CmLwYAU9PZDMITZoR5iAOShYREoR45EyyLrbntV50mdePTgUn4AmOw90Ifcj+x2kRjdzr1HP3RrNiHGA==}

  '@floating-ui/core@1.7.3':
    resolution: {integrity: sha512-sGnvb5dmrJaKEZ+LDIpguvdX3bDlEllmv4/ClQ9awcmCZrlx5jQyyMWFM5kBI+EyNOCDDiKk8il0zeuX3Zlg/w==}

  '@floating-ui/dom@1.7.4':
    resolution: {integrity: sha512-OOchDgh4F2CchOX94cRVqhvy7b3AFb+/rQXyswmzmGakRfkMgoWVjfnLWkRirfLEfuD4ysVW16eXzwt3jHIzKA==}

  '@floating-ui/react-dom@2.1.6':
    resolution: {integrity: sha512-4JX6rEatQEvlmgU80wZyq9RT96HZJa88q8hp0pBd+LrczeDI4o6uA2M+uvxngVHo4Ihr8uibXxH6+70zhAFrVw==}
    peerDependencies:
      react: '>=16.8.0'
      react-dom: '>=16.8.0'

  '@floating-ui/react@0.26.28':
    resolution: {integrity: sha512-yORQuuAtVpiRjpMhdc0wJj06b9JFjrYF4qp96j++v2NBpbi6SEGF7donUJ3TMieerQ6qVkAv1tgr7L4r5roTqw==}
    peerDependencies:
      react: '>=16.8.0'
      react-dom: '>=16.8.0'

  '@floating-ui/utils@0.2.10':
    resolution: {integrity: sha512-aGTxbpbg8/b5JfU1HXSrbH3wXZuLPJcNEcZQFMxLs3oSzgtVu6nFPkbbGGUvBcUjKV2YyB9Wxxabo+HEH9tcRQ==}

  '@headlessui/react@2.2.9':
    resolution: {integrity: sha512-Mb+Un58gwBn0/yWZfyrCh0TJyurtT+dETj7YHleylHk5od3dv2XqETPGWMyQ5/7sYN7oWdyM1u9MvC0OC8UmzQ==}
    engines: {node: '>=10'}
    peerDependencies:
      react: ^18 || ^19 || ^19.0.0-rc
      react-dom: ^18 || ^19 || ^19.0.0-rc

  '@ibm/telemetry-js@1.10.2':
    resolution: {integrity: sha512-F8+/NNUwtm8BuFz18O9KPvIFTFDo8GUSoyhPxPjEpk7nEyEzWGfhIiEPhL00B2NdHRLDSljh3AiCfSnL/tutiQ==}
    hasBin: true

  '@img/colour@1.0.0':
    resolution: {integrity: sha512-A5P/LfWGFSl6nsckYtjw9da+19jB8hkJ6ACTGcDfEJ0aE+l2n2El7dsVM7UVHZQ9s2lmYMWlrS21YLy2IR1LUw==}
    engines: {node: '>=18'}

  '@img/sharp-darwin-arm64@0.34.5':
    resolution: {integrity: sha512-imtQ3WMJXbMY4fxb/Ndp6HBTNVtWCUI0WdobyheGf5+ad6xX8VIDO8u2xE4qc/fr08CKG/7dDseFtn6M6g/r3w==}
    engines: {node: ^18.17.0 || ^20.3.0 || >=21.0.0}
    cpu: [arm64]
    os: [darwin]

  '@img/sharp-darwin-x64@0.34.5':
    resolution: {integrity: sha512-YNEFAF/4KQ/PeW0N+r+aVVsoIY0/qxxikF2SWdp+NRkmMB7y9LBZAVqQ4yhGCm/H3H270OSykqmQMKLBhBJDEw==}
    engines: {node: ^18.17.0 || ^20.3.0 || >=21.0.0}
    cpu: [x64]
    os: [darwin]

  '@img/sharp-libvips-darwin-arm64@1.2.4':
    resolution: {integrity: sha512-zqjjo7RatFfFoP0MkQ51jfuFZBnVE2pRiaydKJ1G/rHZvnsrHAOcQALIi9sA5co5xenQdTugCvtb1cuf78Vf4g==}
    cpu: [arm64]
    os: [darwin]

  '@img/sharp-libvips-darwin-x64@1.2.4':
    resolution: {integrity: sha512-1IOd5xfVhlGwX+zXv2N93k0yMONvUlANylbJw1eTah8K/Jtpi15KC+WSiaX/nBmbm2HxRM1gZ0nSdjSsrZbGKg==}
    cpu: [x64]
    os: [darwin]

  '@img/sharp-libvips-linux-arm64@1.2.4':
    resolution: {integrity: sha512-excjX8DfsIcJ10x1Kzr4RcWe1edC9PquDRRPx3YVCvQv+U5p7Yin2s32ftzikXojb1PIFc/9Mt28/y+iRklkrw==}
    cpu: [arm64]
    os: [linux]

  '@img/sharp-libvips-linux-arm@1.2.4':
    resolution: {integrity: sha512-bFI7xcKFELdiNCVov8e44Ia4u2byA+l3XtsAj+Q8tfCwO6BQ8iDojYdvoPMqsKDkuoOo+X6HZA0s0q11ANMQ8A==}
    cpu: [arm]
    os: [linux]

  '@img/sharp-libvips-linux-ppc64@1.2.4':
    resolution: {integrity: sha512-FMuvGijLDYG6lW+b/UvyilUWu5Ayu+3r2d1S8notiGCIyYU/76eig1UfMmkZ7vwgOrzKzlQbFSuQfgm7GYUPpA==}
    cpu: [ppc64]
    os: [linux]

  '@img/sharp-libvips-linux-riscv64@1.2.4':
    resolution: {integrity: sha512-oVDbcR4zUC0ce82teubSm+x6ETixtKZBh/qbREIOcI3cULzDyb18Sr/Wcyx7NRQeQzOiHTNbZFF1UwPS2scyGA==}
    cpu: [riscv64]
    os: [linux]

  '@img/sharp-libvips-linux-s390x@1.2.4':
    resolution: {integrity: sha512-qmp9VrzgPgMoGZyPvrQHqk02uyjA0/QrTO26Tqk6l4ZV0MPWIW6LTkqOIov+J1yEu7MbFQaDpwdwJKhbJvuRxQ==}
    cpu: [s390x]
    os: [linux]

  '@img/sharp-libvips-linux-x64@1.2.4':
    resolution: {integrity: sha512-tJxiiLsmHc9Ax1bz3oaOYBURTXGIRDODBqhveVHonrHJ9/+k89qbLl0bcJns+e4t4rvaNBxaEZsFtSfAdquPrw==}
    cpu: [x64]
    os: [linux]

  '@img/sharp-libvips-linuxmusl-arm64@1.2.4':
    resolution: {integrity: sha512-FVQHuwx1IIuNow9QAbYUzJ+En8KcVm9Lk5+uGUQJHaZmMECZmOlix9HnH7n1TRkXMS0pGxIJokIVB9SuqZGGXw==}
    cpu: [arm64]
    os: [linux]

  '@img/sharp-libvips-linuxmusl-x64@1.2.4':
    resolution: {integrity: sha512-+LpyBk7L44ZIXwz/VYfglaX/okxezESc6UxDSoyo2Ks6Jxc4Y7sGjpgU9s4PMgqgjj1gZCylTieNamqA1MF7Dg==}
    cpu: [x64]
    os: [linux]

  '@img/sharp-linux-arm64@0.34.5':
    resolution: {integrity: sha512-bKQzaJRY/bkPOXyKx5EVup7qkaojECG6NLYswgktOZjaXecSAeCWiZwwiFf3/Y+O1HrauiE3FVsGxFg8c24rZg==}
    engines: {node: ^18.17.0 || ^20.3.0 || >=21.0.0}
    cpu: [arm64]
    os: [linux]

  '@img/sharp-linux-arm@0.34.5':
    resolution: {integrity: sha512-9dLqsvwtg1uuXBGZKsxem9595+ujv0sJ6Vi8wcTANSFpwV/GONat5eCkzQo/1O6zRIkh0m/8+5BjrRr7jDUSZw==}
    engines: {node: ^18.17.0 || ^20.3.0 || >=21.0.0}
    cpu: [arm]
    os: [linux]

  '@img/sharp-linux-ppc64@0.34.5':
    resolution: {integrity: sha512-7zznwNaqW6YtsfrGGDA6BRkISKAAE1Jo0QdpNYXNMHu2+0dTrPflTLNkpc8l7MUP5M16ZJcUvysVWWrMefZquA==}
    engines: {node: ^18.17.0 || ^20.3.0 || >=21.0.0}
    cpu: [ppc64]
    os: [linux]

  '@img/sharp-linux-riscv64@0.34.5':
    resolution: {integrity: sha512-51gJuLPTKa7piYPaVs8GmByo7/U7/7TZOq+cnXJIHZKavIRHAP77e3N2HEl3dgiqdD/w0yUfiJnII77PuDDFdw==}
    engines: {node: ^18.17.0 || ^20.3.0 || >=21.0.0}
    cpu: [riscv64]
    os: [linux]

  '@img/sharp-linux-s390x@0.34.5':
    resolution: {integrity: sha512-nQtCk0PdKfho3eC5MrbQoigJ2gd1CgddUMkabUj+rBevs8tZ2cULOx46E7oyX+04WGfABgIwmMC0VqieTiR4jg==}
    engines: {node: ^18.17.0 || ^20.3.0 || >=21.0.0}
    cpu: [s390x]
    os: [linux]

  '@img/sharp-linux-x64@0.34.5':
    resolution: {integrity: sha512-MEzd8HPKxVxVenwAa+JRPwEC7QFjoPWuS5NZnBt6B3pu7EG2Ge0id1oLHZpPJdn3OQK+BQDiw9zStiHBTJQQQQ==}
    engines: {node: ^18.17.0 || ^20.3.0 || >=21.0.0}
    cpu: [x64]
    os: [linux]

  '@img/sharp-linuxmusl-arm64@0.34.5':
    resolution: {integrity: sha512-fprJR6GtRsMt6Kyfq44IsChVZeGN97gTD331weR1ex1c1rypDEABN6Tm2xa1wE6lYb5DdEnk03NZPqA7Id21yg==}
    engines: {node: ^18.17.0 || ^20.3.0 || >=21.0.0}
    cpu: [arm64]
    os: [linux]

  '@img/sharp-linuxmusl-x64@0.34.5':
    resolution: {integrity: sha512-Jg8wNT1MUzIvhBFxViqrEhWDGzqymo3sV7z7ZsaWbZNDLXRJZoRGrjulp60YYtV4wfY8VIKcWidjojlLcWrd8Q==}
    engines: {node: ^18.17.0 || ^20.3.0 || >=21.0.0}
    cpu: [x64]
    os: [linux]

  '@img/sharp-wasm32@0.34.5':
    resolution: {integrity: sha512-OdWTEiVkY2PHwqkbBI8frFxQQFekHaSSkUIJkwzclWZe64O1X4UlUjqqqLaPbUpMOQk6FBu/HtlGXNblIs0huw==}
    engines: {node: ^18.17.0 || ^20.3.0 || >=21.0.0}
    cpu: [wasm32]

  '@img/sharp-win32-arm64@0.34.5':
    resolution: {integrity: sha512-WQ3AgWCWYSb2yt+IG8mnC6Jdk9Whs7O0gxphblsLvdhSpSTtmu69ZG1Gkb6NuvxsNACwiPV6cNSZNzt0KPsw7g==}
    engines: {node: ^18.17.0 || ^20.3.0 || >=21.0.0}
    cpu: [arm64]
    os: [win32]

  '@img/sharp-win32-ia32@0.34.5':
    resolution: {integrity: sha512-FV9m/7NmeCmSHDD5j4+4pNI8Cp3aW+JvLoXcTUo0IqyjSfAZJ8dIUmijx1qaJsIiU+Hosw6xM5KijAWRJCSgNg==}
    engines: {node: ^18.17.0 || ^20.3.0 || >=21.0.0}
    cpu: [ia32]
    os: [win32]

  '@img/sharp-win32-x64@0.34.5':
    resolution: {integrity: sha512-+29YMsqY2/9eFEiW93eqWnuLcWcufowXewwSNIT6UwZdUUCrM3oFjMWH/Z6/TMmb4hlFenmfAVbpWeup2jryCw==}
    engines: {node: ^18.17.0 || ^20.3.0 || >=21.0.0}
    cpu: [x64]
    os: [win32]

  '@next/env@16.0.10':
    resolution: {integrity: sha512-8tuaQkyDVgeONQ1MeT9Mkk8pQmZapMKFh5B+OrFUlG3rVmYTXcXlBetBgTurKXGaIZvkoqRT9JL5K3phXcgang==}

  '@next/swc-darwin-arm64@16.0.10':
    resolution: {integrity: sha512-4XgdKtdVsaflErz+B5XeG0T5PeXKDdruDf3CRpnhN+8UebNa5N2H58+3GDgpn/9GBurrQ1uWW768FfscwYkJRg==}
    engines: {node: '>= 10'}
    cpu: [arm64]
    os: [darwin]

  '@next/swc-darwin-x64@16.0.10':
    resolution: {integrity: sha512-spbEObMvRKkQ3CkYVOME+ocPDFo5UqHb8EMTS78/0mQ+O1nqE8toHJVioZo4TvebATxgA8XMTHHrScPrn68OGw==}
    engines: {node: '>= 10'}
    cpu: [x64]
    os: [darwin]

  '@next/swc-linux-arm64-gnu@16.0.10':
    resolution: {integrity: sha512-uQtWE3X0iGB8apTIskOMi2w/MKONrPOUCi5yLO+v3O8Mb5c7K4Q5KD1jvTpTF5gJKa3VH/ijKjKUq9O9UhwOYw==}
    engines: {node: '>= 10'}
    cpu: [arm64]
    os: [linux]

  '@next/swc-linux-arm64-musl@16.0.10':
    resolution: {integrity: sha512-llA+hiDTrYvyWI21Z0L1GiXwjQaanPVQQwru5peOgtooeJ8qx3tlqRV2P7uH2pKQaUfHxI/WVarvI5oYgGxaTw==}
    engines: {node: '>= 10'}
    cpu: [arm64]
    os: [linux]

  '@next/swc-linux-x64-gnu@16.0.10':
    resolution: {integrity: sha512-AK2q5H0+a9nsXbeZ3FZdMtbtu9jxW4R/NgzZ6+lrTm3d6Zb7jYrWcgjcpM1k8uuqlSy4xIyPR2YiuUr+wXsavA==}
    engines: {node: '>= 10'}
    cpu: [x64]
    os: [linux]

  '@next/swc-linux-x64-musl@16.0.10':
    resolution: {integrity: sha512-1TDG9PDKivNw5550S111gsO4RGennLVl9cipPhtkXIFVwo31YZ73nEbLjNC8qG3SgTz/QZyYyaFYMeY4BKZR/g==}
    engines: {node: '>= 10'}
    cpu: [x64]
    os: [linux]

  '@next/swc-win32-arm64-msvc@16.0.10':
    resolution: {integrity: sha512-aEZIS4Hh32xdJQbHz121pyuVZniSNoqDVx1yIr2hy+ZwJGipeqnMZBJHyMxv2tiuAXGx6/xpTcQJ6btIiBjgmg==}
    engines: {node: '>= 10'}
    cpu: [arm64]
    os: [win32]

  '@next/swc-win32-x64-msvc@16.0.10':
    resolution: {integrity: sha512-E+njfCoFLb01RAFEnGZn6ERoOqhK1Gl3Lfz1Kjnj0Ulfu7oJbuMyvBKNj/bw8XZnenHDASlygTjZICQW+rYW1Q==}
    engines: {node: '>= 10'}
    cpu: [x64]
    os: [win32]

  '@react-aria/focus@3.21.2':
    resolution: {integrity: sha512-JWaCR7wJVggj+ldmM/cb/DXFg47CXR55lznJhZBh4XVqJjMKwaOOqpT5vNN7kpC1wUpXicGNuDnJDN1S/+6dhQ==}
    peerDependencies:
      react: ^16.8.0 || ^17.0.0-rc.1 || ^18.0.0 || ^19.0.0-rc.1
      react-dom: ^16.8.0 || ^17.0.0-rc.1 || ^18.0.0 || ^19.0.0-rc.1

  '@react-aria/interactions@3.25.6':
    resolution: {integrity: sha512-5UgwZmohpixwNMVkMvn9K1ceJe6TzlRlAfuYoQDUuOkk62/JVJNDLAPKIf5YMRc7d2B0rmfgaZLMtbREb0Zvkw==}
    peerDependencies:
      react: ^16.8.0 || ^17.0.0-rc.1 || ^18.0.0 || ^19.0.0-rc.1
      react-dom: ^16.8.0 || ^17.0.0-rc.1 || ^18.0.0 || ^19.0.0-rc.1

  '@react-aria/ssr@3.9.10':
    resolution: {integrity: sha512-hvTm77Pf+pMBhuBm760Li0BVIO38jv1IBws1xFm1NoL26PU+fe+FMW5+VZWyANR6nYL65joaJKZqOdTQMkO9IQ==}
    engines: {node: '>= 12'}
    peerDependencies:
      react: ^16.8.0 || ^17.0.0-rc.1 || ^18.0.0 || ^19.0.0-rc.1

  '@react-aria/utils@3.31.0':
    resolution: {integrity: sha512-ABOzCsZrWzf78ysswmguJbx3McQUja7yeGj6/vZo4JVsZNlxAN+E9rs381ExBRI0KzVo6iBTeX5De8eMZPJXig==}
    peerDependencies:
      react: ^16.8.0 || ^17.0.0-rc.1 || ^18.0.0 || ^19.0.0-rc.1
      react-dom: ^16.8.0 || ^17.0.0-rc.1 || ^18.0.0 || ^19.0.0-rc.1

  '@react-stately/flags@3.1.2':
    resolution: {integrity: sha512-2HjFcZx1MyQXoPqcBGALwWWmgFVUk2TuKVIQxCbRq7fPyWXIl6VHcakCLurdtYC2Iks7zizvz0Idv48MQ38DWg==}

  '@react-stately/utils@3.10.8':
    resolution: {integrity: sha512-SN3/h7SzRsusVQjQ4v10LaVsDc81jyyR0DD5HnsQitm/I5WDpaSr2nRHtyloPFU48jlql1XX/S04T2DLQM7Y3g==}
    peerDependencies:
      react: ^16.8.0 || ^17.0.0-rc.1 || ^18.0.0 || ^19.0.0-rc.1

  '@react-types/shared@3.32.1':
    resolution: {integrity: sha512-famxyD5emrGGpFuUlgOP6fVW2h/ZaF405G5KDi3zPHzyjAWys/8W6NAVJtNbkCkhedmvL0xOhvt8feGXyXaw5w==}
    peerDependencies:
      react: ^16.8.0 || ^17.0.0-rc.1 || ^18.0.0 || ^19.0.0-rc.1

  '@splitbee/web@0.3.0':
    resolution: {integrity: sha512-jNPDKg0GQGa4jCaBc6JQsv0NHmBA80WCwZE49nFyhcbo32WF0GyqXeice7ZApy7OUHI16bAUAzm4MOQw3gvxfQ==}

  '@swc/helpers@0.5.15':
    resolution: {integrity: sha512-JQ5TuMi45Owi4/BIMAJBoSQoOJu12oOk/gADqlcUL9JEdHB8vyjUSsxqeNXnmXHjYKMi2WcYtezGEEhqUI/E2g==}

  '@swc/helpers@0.5.17':
    resolution: {integrity: sha512-5IKx/Y13RsYd+sauPb2x+U/xZikHjolzfuDgTAl/Tdf3Q8rslRvC19NKDLgAJQ6wsqADk10ntlv08nPFw/gO/A==}

  '@tanstack/react-virtual@3.13.13':
    resolution: {integrity: sha512-4o6oPMDvQv+9gMi8rE6gWmsOjtUZUYIJHv7EB+GblyYdi8U6OqLl8rhHWIUZSL1dUU2dPwTdTgybCKf9EjIrQg==}
    peerDependencies:
      react: ^16.8.0 || ^17.0.0 || ^18.0.0 || ^19.0.0
      react-dom: ^16.8.0 || ^17.0.0 || ^18.0.0 || ^19.0.0

  '@tanstack/virtual-core@3.13.13':
    resolution: {integrity: sha512-uQFoSdKKf5S8k51W5t7b2qpfkyIbdHMzAn+AMQvHPxKUPeo1SsGaA4JRISQT87jm28b7z8OEqPcg1IOZagQHcA==}

  '@vercel/analytics@1.6.1':
    resolution: {integrity: sha512-oH9He/bEM+6oKlv3chWuOOcp8Y6fo6/PSro8hEkgCW3pu9/OiCXiUpRUogDh3Fs3LH2sosDrx8CxeOLBEE+afg==}
    peerDependencies:
      '@remix-run/react': ^2
      '@sveltejs/kit': ^1 || ^2
      next: '>= 13'
      react: ^18 || ^19 || ^19.0.0-rc
      svelte: '>= 4'
      vue: ^3
      vue-router: ^4
    peerDependenciesMeta:
      '@remix-run/react':
        optional: true
      '@sveltejs/kit':
        optional: true
      next:
        optional: true
      react:
        optional: true
      svelte:
        optional: true
      vue:
        optional: true
      vue-router:
        optional: true

  autoprefixer@10.4.23:
    resolution: {integrity: sha512-YYTXSFulfwytnjAPlw8QHncHJmlvFKtczb8InXaAx9Q0LbfDnfEYDE55omerIJKihhmU61Ft+cAOSzQVaBUmeA==}
    engines: {node: ^10 || ^12 || >=14}
    hasBin: true
    peerDependencies:
      postcss: ^8.1.0

  baseline-browser-mapping@2.9.7:
    resolution: {integrity: sha512-k9xFKplee6KIio3IDbwj+uaCLpqzOwakOgmqzPezM0sFJlFKcg30vk2wOiAJtkTSfx0SSQDSe8q+mWA/fSH5Zg==}
    hasBin: true

  browserslist@4.28.1:
    resolution: {integrity: sha512-ZC5Bd0LgJXgwGqUknZY/vkUQ04r8NXnJZ3yYi4vDmSiZmC/pdSN0NbNRPxZpbtO4uAfDUAFffO8IZoM3Gj8IkA==}
    engines: {node: ^6 || ^7 || ^8 || ^9 || ^10 || ^11 || ^12 || >=13.7}
    hasBin: true

  caniuse-lite@1.0.30001760:
    resolution: {integrity: sha512-7AAMPcueWELt1p3mi13HR/LHH0TJLT11cnwDJEs3xA4+CK/PLKeO9Kl1oru24htkyUKtkGCvAx4ohB0Ttry8Dw==}

  client-only@0.0.1:
    resolution: {integrity: sha512-IV3Ou0jSMzZrd3pZ48nLkT9DA7Ag1pnPzaiQhpW7c3RbcqqzvzzVu+L8gfqMp/8IM2MQtSiqaCxrrcfu8I8rMA==}

  clsx@2.1.1:
    resolution: {integrity: sha512-eYm0QWBtUrBWZWG0d386OGAw16Z995PiOVo2B7bjWSbHedGl5e0ZWaq65kOGgUSNesEIDkB9ISbTg/JK9dhCZA==}
    engines: {node: '>=6'}

  detect-libc@2.1.2:
    resolution: {integrity: sha512-Btj2BOOO83o3WyH59e8MgXsxEQVcarkUOpEYrubB0urwnN10yQ364rsiByU11nZlqWYZm05i/of7io4mzihBtQ==}
    engines: {node: '>=8'}

  electron-to-chromium@1.5.267:
    resolution: {integrity: sha512-0Drusm6MVRXSOJpGbaSVgcQsuB4hEkMpHXaVstcPmhu5LIedxs1xNK/nIxmQIU/RPC0+1/o0AVZfBTkTNJOdUw==}

  escalade@3.2.0:
    resolution: {integrity: sha512-WUj2qlxaQtO4g6Pq5c29GTcWGDyd8itL8zTlipgECz3JesAiiOKotd8JU6otB3PACgG6xkJUyVhboMS+bje/jA==}
    engines: {node: '>=6'}

  fraction.js@5.3.4:
    resolution: {integrity: sha512-1X1NTtiJphryn/uLQz3whtY6jK3fTqoE3ohKs0tT+Ujr1W59oopxmoEh7Lu5p6vBaPbgoM0bzveAW4Qi5RyWDQ==}

  framer-motion@12.23.26:
    resolution: {integrity: sha512-cPcIhgR42xBn1Uj+PzOyheMtZ73H927+uWPDVhUMqxy8UHt6Okavb6xIz9J/phFUHUj0OncR6UvMfJTXoc/LKA==}
    peerDependencies:
      '@emotion/is-prop-valid': '*'
      react: ^18.0.0 || ^19.0.0
      react-dom: ^18.0.0 || ^19.0.0
    peerDependenciesMeta:
      '@emotion/is-prop-valid':
        optional: true
      react:
        optional: true
      react-dom:
        optional: true

  js-tokens@4.0.0:
    resolution: {integrity: sha512-RdJUflcE3cUzKiMqQgsCu06FPu9UdIJO0beYbPhHN4k6apgJtifcoCtT9bcxOpYBtpD2kCM6Sbzg4CausW/PKQ==}

  loose-envify@1.4.0:
    resolution: {integrity: sha512-lyuxPGr/Wfhrlem2CL/UcnUc1zcqKAImBDzukY7Y5F/yQiNdko6+fRLevlw1HgMySw7f611UIY408EtxRSoK3Q==}
    hasBin: true

  motion-dom@12.23.23:
    resolution: {integrity: sha512-n5yolOs0TQQBRUFImrRfs/+6X4p3Q4n1dUEqt/H58Vx7OW6RF+foWEgmTVDhIWJIMXOuNNL0apKH2S16en9eiA==}

  motion-utils@12.23.6:
    resolution: {integrity: sha512-eAWoPgr4eFEOFfg2WjIsMoqJTW6Z8MTUCgn/GZ3VRpClWBdnbjryiA3ZSNLyxCTmCQx4RmYX6jX1iWHbenUPNQ==}

  nanoid@3.3.11:
    resolution: {integrity: sha512-N8SpfPUnUp1bK+PMYW8qSWdl9U+wwNWI4QKxOYDy9JAro3WMX7p2OeVRF9v+347pnakNevPmiHhNmZ2HbFA76w==}
    engines: {node: ^10 || ^12 || ^13.7 || ^14 || >=15.0.1}
    hasBin: true

  next-seo@7.0.1:
    resolution: {integrity: sha512-NxcnWaT7dLZdPjWOD6JZm1pUpJ1zxoDBOuXBR72fTTMqqO/bchcjkBJpx27MDACDJrIVwxfKPq5qGcv17qZiBQ==}
    peerDependencies:
      next: '>=13.4.0'
      react: '>=18.2.0'

  next@16.0.10:
    resolution: {integrity: sha512-RtWh5PUgI+vxlV3HdR+IfWA1UUHu0+Ram/JBO4vWB54cVPentCD0e+lxyAYEsDTqGGMg7qpjhKh6dc6aW7W/sA==}
    engines: {node: '>=20.9.0'}
    hasBin: true
    peerDependencies:
      '@opentelemetry/api': ^1.1.0
      '@playwright/test': ^1.51.1
      babel-plugin-react-compiler: '*'
      react: ^18.2.0 || 19.0.0-rc-de68d2f4-20241204 || ^19.0.0
      react-dom: ^18.2.0 || 19.0.0-rc-de68d2f4-20241204 || ^19.0.0
      sass: ^1.3.0
    peerDependenciesMeta:
      '@opentelemetry/api':
        optional: true
      '@playwright/test':
        optional: true
      babel-plugin-react-compiler:
        optional: true
      sass:
        optional: true

  node-releases@2.0.27:
    resolution: {integrity: sha512-nmh3lCkYZ3grZvqcCH+fjmQ7X+H0OeZgP40OierEaAptX4XofMh5kwNbWh7lBduUzCcV/8kZ+NDLCwm2iorIlA==}

  object-assign@4.1.1:
    resolution: {integrity: sha512-rJgTQnkUnH1sFw8yT6VSU3zD3sWmu6sZhIseY8VX+GRu3P6F7Fu+JNDoXfklElbLJSnc3FUQHVe4cU5hj+BcUg==}
    engines: {node: '>=0.10.0'}

  picocolors@1.1.1:
    resolution: {integrity: sha512-xceH2snhtb5M9liqDsmEw56le376mTZkEX/jEb/RxNFyegNul7eNslCXP9FDj/Lcu0X8KEyMceP2ntpaHrDEVA==}

  postcss-value-parser@4.2.0:
    resolution: {integrity: sha512-1NNCs6uurfkVbeXG4S8JFT9t19m45ICnif8zWLd5oPSZ50QnwMfK+H3jv408d4jw/7Bttv5axS5IiHoLaVNHeQ==}

  postcss@8.4.31:
    resolution: {integrity: sha512-PS08Iboia9mts/2ygV3eLpY5ghnUcfLV/EXTOW1E2qYxJKGGBUtNjN76FYHnMs36RmARn41bC0AZmn+rR0OVpQ==}
    engines: {node: ^10 || ^12 || >=14}

  postcss@8.5.6:
    resolution: {integrity: sha512-3Ybi1tAuwAP9s0r1UQ2J4n5Y0G05bJkpUIO0/bI9MhwmD70S5aTWbXGBwxHrelT+XM1k6dM0pk+SwNkpTRN7Pg==}
    engines: {node: ^10 || ^12 || >=14}

  prop-types@15.8.1:
    resolution: {integrity: sha512-oj87CgZICdulUohogVAR7AjlC0327U4el4L6eAvOqCeudMDVU0NThNaV+b9Df4dXgSP1gXMTnPdhfe/2qDH5cg==}

  react-dom@19.2.3:
    resolution: {integrity: sha512-yELu4WmLPw5Mr/lmeEpox5rw3RETacE++JgHqQzd2dg+YbJuat3jH4ingc+WPZhxaoFzdv9y33G+F7Nl5O0GBg==}
    peerDependencies:
      react: ^19.2.3

  react-is@16.13.1:
    resolution: {integrity: sha512-24e6ynE2H+OKt4kqsOvNd8kBpV65zoxbA4BVsEOB3ARVWQki/DHzaUoC5KuON/BiccDaCCTZBuOcfZs70kR8bQ==}

  react@19.2.3:
    resolution: {integrity: sha512-Ku/hhYbVjOQnXDZFv2+RibmLFGwFdeeKHFcOTlrt7xplBnya5OGn/hIRDsqDiSUcfORsDC7MPxwork8jBwsIWA==}
    engines: {node: '>=0.10.0'}

  scheduler@0.27.0:
    resolution: {integrity: sha512-eNv+WrVbKu1f3vbYJT/xtiF5syA5HPIMtf9IgY/nKg0sWqzAUEvqY/xm7OcZc/qafLx/iO9FgOmeSAp4v5ti/Q==}

  semver@7.7.3:
    resolution: {integrity: sha512-SdsKMrI9TdgjdweUSR9MweHA4EJ8YxHn8DFaDisvhVlUOe4BF1tLD7GAj0lIqWVl+dPb/rExr0Btby5loQm20Q==}
    engines: {node: '>=10'}
    hasBin: true

  sharp@0.34.5:
    resolution: {integrity: sha512-Ou9I5Ft9WNcCbXrU9cMgPBcCK8LiwLqcbywW3t4oDV37n1pzpuNLsYiAV8eODnjbtQlSDwZ2cUEeQz4E54Hltg==}
    engines: {node: ^18.17.0 || ^20.3.0 || >=21.0.0}

  source-map-js@1.2.1:
    resolution: {integrity: sha512-UXWMKhLOwVKb728IUtQPXxfYU+usdybtUrK/8uGE8CQMvrhOpwvzDBwj0QhSL7MQc7vIsISBG8VQ8+IDQxpfQA==}
    engines: {node: '>=0.10.0'}

  styled-jsx@5.1.6:
    resolution: {integrity: sha512-qSVyDTeMotdvQYoHWLNGwRFJHC+i+ZvdBRYosOFgC+Wg1vx4frN2/RG/NA7SYqqvKNLf39P2LSRA2pu6n0XYZA==}
    engines: {node: '>= 12.0.0'}
    peerDependencies:
      '@babel/core': '*'
      babel-plugin-macros: '*'
      react: '>= 16.8.0 || 17.x.x || ^18.0.0-0 || ^19.0.0-0'
    peerDependenciesMeta:
      '@babel/core':
        optional: true
      babel-plugin-macros:
        optional: true

  tabbable@6.3.0:
    resolution: {integrity: sha512-EIHvdY5bPLuWForiR/AN2Bxngzpuwn1is4asboytXtpTgsArc+WmSJKVLlhdh71u7jFcryDqB2A8lQvj78MkyQ==}

  tailwindcss@4.1.18:
    resolution: {integrity: sha512-4+Z+0yiYyEtUVCScyfHCxOYP06L5Ne+JiHhY2IjR2KWMIWhJOYZKLSGZaP5HkZ8+bY0cxfzwDE5uOmzFXyIwxw==}

  tslib@2.8.1:
    resolution: {integrity: sha512-oJFu94HQb+KVduSUQL7wnpmqnfmLsOA/nAh6b6EH0wCEoK0/mPeXU6c3wKDV83MkOuHPRHtSXKKU99IBazS/2w==}

  update-browserslist-db@1.2.2:
    resolution: {integrity: sha512-E85pfNzMQ9jpKkA7+TJAi4TJN+tBCuWh5rUcS/sv6cFi+1q9LYDwDI5dpUL0u/73EElyQ8d3TEaeW4sPedBqYA==}
    hasBin: true
    peerDependencies:
      browserslist: '>= 4.21.0'

  use-sync-external-store@1.6.0:
    resolution: {integrity: sha512-Pp6GSwGP/NrPIrxVFAIkOQeyw8lFenOHijQWkUTrDvrF4ALqylP2C/KCkeS9dpUM3KvYRQhna5vt7IL95+ZQ9w==}
    peerDependencies:
      react: ^16.8.0 || ^17.0.0 || ^18.0.0 || ^19.0.0

snapshots:

  '@carbon/icon-helpers@10.69.0':
    dependencies:
      '@ibm/telemetry-js': 1.10.2

  '@carbon/icons-react@11.71.0(react@19.2.3)':
    dependencies:
      '@carbon/icon-helpers': 10.69.0
      '@ibm/telemetry-js': 1.10.2
      prop-types: 15.8.1
      react: 19.2.3

  '@emnapi/runtime@1.7.1':
    dependencies:
      tslib: 2.8.1
    optional: true

  '@floating-ui/core@1.7.3':
    dependencies:
      '@floating-ui/utils': 0.2.10

  '@floating-ui/dom@1.7.4':
    dependencies:
      '@floating-ui/core': 1.7.3
      '@floating-ui/utils': 0.2.10

  '@floating-ui/react-dom@2.1.6(react-dom@19.2.3(react@19.2.3))(react@19.2.3)':
    dependencies:
      '@floating-ui/dom': 1.7.4
      react: 19.2.3
      react-dom: 19.2.3(react@19.2.3)

  '@floating-ui/react@0.26.28(react-dom@19.2.3(react@19.2.3))(react@19.2.3)':
    dependencies:
      '@floating-ui/react-dom': 2.1.6(react-dom@19.2.3(react@19.2.3))(react@19.2.3)
      '@floating-ui/utils': 0.2.10
      react: 19.2.3
      react-dom: 19.2.3(react@19.2.3)
      tabbable: 6.3.0

  '@floating-ui/utils@0.2.10': {}

  '@headlessui/react@2.2.9(react-dom@19.2.3(react@19.2.3))(react@19.2.3)':
    dependencies:
      '@floating-ui/react': 0.26.28(react-dom@19.2.3(react@19.2.3))(react@19.2.3)
      '@react-aria/focus': 3.21.2(react-dom@19.2.3(react@19.2.3))(react@19.2.3)
      '@react-aria/interactions': 3.25.6(react-dom@19.2.3(react@19.2.3))(react@19.2.3)
      '@tanstack/react-virtual': 3.13.13(react-dom@19.2.3(react@19.2.3))(react@19.2.3)
      react: 19.2.3
      react-dom: 19.2.3(react@19.2.3)
      use-sync-external-store: 1.6.0(react@19.2.3)

  '@ibm/telemetry-js@1.10.2': {}

  '@img/colour@1.0.0':
    optional: true

  '@img/sharp-darwin-arm64@0.34.5':
    optionalDependencies:
      '@img/sharp-libvips-darwin-arm64': 1.2.4
    optional: true

  '@img/sharp-darwin-x64@0.34.5':
    optionalDependencies:
      '@img/sharp-libvips-darwin-x64': 1.2.4
    optional: true

  '@img/sharp-libvips-darwin-arm64@1.2.4':
    optional: true

  '@img/sharp-libvips-darwin-x64@1.2.4':
    optional: true

  '@img/sharp-libvips-linux-arm64@1.2.4':
    optional: true

  '@img/sharp-libvips-linux-arm@1.2.4':
    optional: true

  '@img/sharp-libvips-linux-ppc64@1.2.4':
    optional: true

  '@img/sharp-libvips-linux-riscv64@1.2.4':
    optional: true

  '@img/sharp-libvips-linux-s390x@1.2.4':
    optional: true

  '@img/sharp-libvips-linux-x64@1.2.4':
    optional: true

  '@img/sharp-libvips-linuxmusl-arm64@1.2.4':
    optional: true

  '@img/sharp-libvips-linuxmusl-x64@1.2.4':
    optional: true

  '@img/sharp-linux-arm64@0.34.5':
    optionalDependencies:
      '@img/sharp-libvips-linux-arm64': 1.2.4
    optional: true

  '@img/sharp-linux-arm@0.34.5':
    optionalDependencies:
      '@img/sharp-libvips-linux-arm': 1.2.4
    optional: true

  '@img/sharp-linux-ppc64@0.34.5':
    optionalDependencies:
      '@img/sharp-libvips-linux-ppc64': 1.2.4
    optional: true

  '@img/sharp-linux-riscv64@0.34.5':
    optionalDependencies:
      '@img/sharp-libvips-linux-riscv64': 1.2.4
    optional: true

  '@img/sharp-linux-s390x@0.34.5':
    optionalDependencies:
      '@img/sharp-libvips-linux-s390x': 1.2.4
    optional: true

  '@img/sharp-linux-x64@0.34.5':
    optionalDependencies:
      '@img/sharp-libvips-linux-x64': 1.2.4
    optional: true

  '@img/sharp-linuxmusl-arm64@0.34.5':
    optionalDependencies:
      '@img/sharp-libvips-linuxmusl-arm64': 1.2.4
    optional: true

  '@img/sharp-linuxmusl-x64@0.34.5':
    optionalDependencies:
      '@img/sharp-libvips-linuxmusl-x64': 1.2.4
    optional: true

  '@img/sharp-wasm32@0.34.5':
    dependencies:
      '@emnapi/runtime': 1.7.1
    optional: true

  '@img/sharp-win32-arm64@0.34.5':
    optional: true

  '@img/sharp-win32-ia32@0.34.5':
    optional: true

  '@img/sharp-win32-x64@0.34.5':
    optional: true

  '@next/env@16.0.10': {}

  '@next/swc-darwin-arm64@16.0.10':
    optional: true

  '@next/swc-darwin-x64@16.0.10':
    optional: true

  '@next/swc-linux-arm64-gnu@16.0.10':
    optional: true

  '@next/swc-linux-arm64-musl@16.0.10':
    optional: true

  '@next/swc-linux-x64-gnu@16.0.10':
    optional: true

  '@next/swc-linux-x64-musl@16.0.10':
    optional: true

  '@next/swc-win32-arm64-msvc@16.0.10':
    optional: true

  '@next/swc-win32-x64-msvc@16.0.10':
    optional: true

  '@react-aria/focus@3.21.2(react-dom@19.2.3(react@19.2.3))(react@19.2.3)':
    dependencies:
      '@react-aria/interactions': 3.25.6(react-dom@19.2.3(react@19.2.3))(react@19.2.3)
      '@react-aria/utils': 3.31.0(react-dom@19.2.3(react@19.2.3))(react@19.2.3)
      '@react-types/shared': 3.32.1(react@19.2.3)
      '@swc/helpers': 0.5.17
      clsx: 2.1.1
      react: 19.2.3
      react-dom: 19.2.3(react@19.2.3)

  '@react-aria/interactions@3.25.6(react-dom@19.2.3(react@19.2.3))(react@19.2.3)':
    dependencies:
      '@react-aria/ssr': 3.9.10(react@19.2.3)
      '@react-aria/utils': 3.31.0(react-dom@19.2.3(react@19.2.3))(react@19.2.3)
      '@react-stately/flags': 3.1.2
      '@react-types/shared': 3.32.1(react@19.2.3)
      '@swc/helpers': 0.5.17
      react: 19.2.3
      react-dom: 19.2.3(react@19.2.3)

  '@react-aria/ssr@3.9.10(react@19.2.3)':
    dependencies:
      '@swc/helpers': 0.5.17
      react: 19.2.3

  '@react-aria/utils@3.31.0(react-dom@19.2.3(react@19.2.3))(react@19.2.3)':
    dependencies:
      '@react-aria/ssr': 3.9.10(react@19.2.3)
      '@react-stately/flags': 3.1.2
      '@react-stately/utils': 3.10.8(react@19.2.3)
      '@react-types/shared': 3.32.1(react@19.2.3)
      '@swc/helpers': 0.5.17
      clsx: 2.1.1
      react: 19.2.3
      react-dom: 19.2.3(react@19.2.3)

  '@react-stately/flags@3.1.2':
    dependencies:
      '@swc/helpers': 0.5.17

  '@react-stately/utils@3.10.8(react@19.2.3)':
    dependencies:
      '@swc/helpers': 0.5.17
      react: 19.2.3

  '@react-types/shared@3.32.1(react@19.2.3)':
    dependencies:
      react: 19.2.3

  '@splitbee/web@0.3.0': {}

  '@swc/helpers@0.5.15':
    dependencies:
      tslib: 2.8.1

  '@swc/helpers@0.5.17':
    dependencies:
      tslib: 2.8.1

  '@tanstack/react-virtual@3.13.13(react-dom@19.2.3(react@19.2.3))(react@19.2.3)':
    dependencies:
      '@tanstack/virtual-core': 3.13.13
      react: 19.2.3
      react-dom: 19.2.3(react@19.2.3)

  '@tanstack/virtual-core@3.13.13': {}

  '@vercel/analytics@1.6.1(next@16.0.10(react-dom@19.2.3(react@19.2.3))(react@19.2.3))(react@19.2.3)':
    optionalDependencies:
      next: 16.0.10(react-dom@19.2.3(react@19.2.3))(react@19.2.3)
      react: 19.2.3

  autoprefixer@10.4.23(postcss@8.5.6):
    dependencies:
      browserslist: 4.28.1
      caniuse-lite: 1.0.30001760
      fraction.js: 5.3.4
      picocolors: 1.1.1
      postcss: 8.5.6
      postcss-value-parser: 4.2.0

  baseline-browser-mapping@2.9.7: {}

  browserslist@4.28.1:
    dependencies:
      baseline-browser-mapping: 2.9.7
      caniuse-lite: 1.0.30001760
      electron-to-chromium: 1.5.267
      node-releases: 2.0.27
      update-browserslist-db: 1.2.2(browserslist@4.28.1)

  caniuse-lite@1.0.30001760: {}

  client-only@0.0.1: {}

  clsx@2.1.1: {}

  detect-libc@2.1.2:
    optional: true

  electron-to-chromium@1.5.267: {}

  escalade@3.2.0: {}

  fraction.js@5.3.4: {}

  framer-motion@12.23.26(react-dom@19.2.3(react@19.2.3))(react@19.2.3):
    dependencies:
      motion-dom: 12.23.23
      motion-utils: 12.23.6
      tslib: 2.8.1
    optionalDependencies:
      react: 19.2.3
      react-dom: 19.2.3(react@19.2.3)

  js-tokens@4.0.0: {}

  loose-envify@1.4.0:
    dependencies:
      js-tokens: 4.0.0

  motion-dom@12.23.23:
    dependencies:
      motion-utils: 12.23.6

  motion-utils@12.23.6: {}

  nanoid@3.3.11: {}

  next-seo@7.0.1(next@16.0.10(react-dom@19.2.3(react@19.2.3))(react@19.2.3))(react@19.2.3):
    dependencies:
      next: 16.0.10(react-dom@19.2.3(react@19.2.3))(react@19.2.3)
      react: 19.2.3

  next@16.0.10(react-dom@19.2.3(react@19.2.3))(react@19.2.3):
    dependencies:
      '@next/env': 16.0.10
      '@swc/helpers': 0.5.15
      caniuse-lite: 1.0.30001760
      postcss: 8.4.31
      react: 19.2.3
      react-dom: 19.2.3(react@19.2.3)
      styled-jsx: 5.1.6(react@19.2.3)
    optionalDependencies:
      '@next/swc-darwin-arm64': 16.0.10
      '@next/swc-darwin-x64': 16.0.10
      '@next/swc-linux-arm64-gnu': 16.0.10
      '@next/swc-linux-arm64-musl': 16.0.10
      '@next/swc-linux-x64-gnu': 16.0.10
      '@next/swc-linux-x64-musl': 16.0.10
      '@next/swc-win32-arm64-msvc': 16.0.10
      '@next/swc-win32-x64-msvc': 16.0.10
      sharp: 0.34.5
    transitivePeerDependencies:
      - '@babel/core'
      - babel-plugin-macros

  node-releases@2.0.27: {}

  object-assign@4.1.1: {}

  picocolors@1.1.1: {}

  postcss-value-parser@4.2.0: {}

  postcss@8.4.31:
    dependencies:
      nanoid: 3.3.11
      picocolors: 1.1.1
      source-map-js: 1.2.1

  postcss@8.5.6:
    dependencies:
      nanoid: 3.3.11
      picocolors: 1.1.1
      source-map-js: 1.2.1

  prop-types@15.8.1:
    dependencies:
      loose-envify: 1.4.0
      object-assign: 4.1.1
      react-is: 16.13.1

  react-dom@19.2.3(react@19.2.3):
    dependencies:
      react: 19.2.3
      scheduler: 0.27.0

  react-is@16.13.1: {}

  react@19.2.3: {}

  scheduler@0.27.0: {}

  semver@7.7.3:
    optional: true

  sharp@0.34.5:
    dependencies:
      '@img/colour': 1.0.0
      detect-libc: 2.1.2
      semver: 7.7.3
    optionalDependencies:
      '@img/sharp-darwin-arm64': 0.34.5
      '@img/sharp-darwin-x64': 0.34.5
      '@img/sharp-libvips-darwin-arm64': 1.2.4
      '@img/sharp-libvips-darwin-x64': 1.2.4
      '@img/sharp-libvips-linux-arm': 1.2.4
      '@img/sharp-libvips-linux-arm64': 1.2.4
      '@img/sharp-libvips-linux-ppc64': 1.2.4
      '@img/sharp-libvips-linux-riscv64': 1.2.4
      '@img/sharp-libvips-linux-s390x': 1.2.4
      '@img/sharp-libvips-linux-x64': 1.2.4
      '@img/sharp-libvips-linuxmusl-arm64': 1.2.4
      '@img/sharp-libvips-linuxmusl-x64': 1.2.4
      '@img/sharp-linux-arm': 0.34.5
      '@img/sharp-linux-arm64': 0.34.5
      '@img/sharp-linux-ppc64': 0.34.5
      '@img/sharp-linux-riscv64': 0.34.5
      '@img/sharp-linux-s390x': 0.34.5
      '@img/sharp-linux-x64': 0.34.5
      '@img/sharp-linuxmusl-arm64': 0.34.5
      '@img/sharp-linuxmusl-x64': 0.34.5
      '@img/sharp-wasm32': 0.34.5
      '@img/sharp-win32-arm64': 0.34.5
      '@img/sharp-win32-ia32': 0.34.5
      '@img/sharp-win32-x64': 0.34.5
    optional: true

  source-map-js@1.2.1: {}

  styled-jsx@5.1.6(react@19.2.3):
    dependencies:
      client-only: 0.0.1
      react: 19.2.3

  tabbable@6.3.0: {}

  tailwindcss@4.1.18: {}

  tslib@2.8.1: {}

  update-browserslist-db@1.2.2(browserslist@4.28.1):
    dependencies:
      browserslist: 4.28.1
      escalade: 3.2.0
      picocolors: 1.1.1

  use-sync-external-store@1.6.0(react@19.2.3):
    dependencies:
      react: 19.2.3
